
Microsoft Visual Studio Solution File, Format Version 12.00
# Visual Studio Version 16
VisualStudioVersion = 16.0.29609.76
MinimumVisualStudioVersion = 10.0.40219.1
Project("{9A19103F-16F7-4668-BE54-9A1E7A4F7556}") = "ASPracticeCore", "ASPracticeCore\ASPracticeCore.csproj", "{859262FF-80B8-474E-A282-2690CDD3402D}"
EndProject
Project("{9A19103F-16F7-4668-BE54-9A1E7A4F7556}") = "reactcoref", "..\..\MyReacts\reactcoref\reactcoref.csproj", "{68CDEDA7-52D5-48E3-9C2E-E833FCAFFFD6}"
EndProject
Project("{9A19103F-16F7-4668-BE54-9A1E7A4F7556}") = "Reactrain", "..\..\MyReacts\Reactrain\Reactrain.csproj", "{66EE0BE4-620A-4042-BB93-B616357E5AC4}"
EndProject
Global
	GlobalSection(SolutionConfigurationPlatforms) = preSolution
		Debug|Any CPU = Debug|Any CPU
		Release|Any CPU = Release|Any CPU
	EndGlobalSection
	GlobalSection(ProjectConfigurationPlatforms) = postSolution
		{859262FF-80B8-474E-A282-2690CDD3402D}.Debug|Any CPU.ActiveCfg = Debug|Any CPU
		{859262FF-80B8-474E-A282-2690CDD3402D}.Debug|Any CPU.Build.0 = Debug|Any CPU
		{859262FF-80B8-474E-A282-2690CDD3402D}.Release|Any CPU.ActiveCfg = Release|Any CPU
		{859262FF-80B8-474E-A282-2690CDD3402D}.Release|Any CPU.Build.0 = Release|Any CPU
		{68CDEDA7-52D5-48E3-9C2E-E833FCAFFFD6}.Debug|Any CPU.ActiveCfg = Debug|Any CPU
		{68CDEDA7-52D5-48E3-9C2E-E833FCAFFFD6}.Debug|Any CPU.Build.0 = Debug|Any CPU
		{68CDEDA7-52D5-48E3-9C2E-E833FCAFFFD6}.Release|Any CPU.ActiveCfg = Release|Any CPU
		{68CDEDA7-52D5-48E3-9C2E-E833FCAFFFD6}.Release|Any CPU.Build.0 = Release|Any CPU
		{66EE0BE4-620A-4042-BB93-B616357E5AC4}.Debug|Any CPU.ActiveCfg = Debug|Any CPU
		{66EE0BE4-620A-4042-BB93-B616357E5AC4}.Debug|Any CPU.Build.0 = Debug|Any CPU
		{66EE0BE4-620A-4042-BB93-B616357E5AC4}.Release|Any CPU.ActiveCfg = Release|Any CPU
		{66EE0BE4-620A-4042-BB93-B616357E5AC4}.Release|Any CPU.Build.0 = Release|Any CPU
	EndGlobalSection
	GlobalSection(SolutionProperties) = preSolution
		HideSolutionNode = FALSE
	EndGlobalSection
	GlobalSection(ExtensibilityGlobals) = postSolution
		SolutionGuid = {1A0657E3-05ED-4B52-BA16-D96C52591641}
	EndGlobalSection
EndGlobal
